<?xml version="1.0" encoding="utf-8"?>
<Project ToolsVersion="4.0" xmlns="http://schemas.microsoft.com/developer/msbuild/2003">
  <ItemGroup>
    <Filter Include="Source Files">
      <UniqueIdentifier>{4FC737F1-C7A5-4376-A066-2A32D752A2FF}</UniqueIdentifier>
      <Extensions>cpp;c;cc;cxx;def;odl;idl;hpj;bat;asm;asmx</Extensions>
    </Filter>
  </ItemGroup>
  <ItemGroup>
    <ClCompile Include="src\graphics\Window.cpp">
      <Filter>Source Files</Filter>
    </ClCompile>
    <ClCompile Include="src\math\Vec2.cpp">
      <Filter>Source Files</Filter>
    </ClCompile>
    <ClCompile Include="src\math\Vec3.cpp">
      <Filter>Source Files</Filter>
    </ClCompile>
    <ClCompile Include="src\math\Vec4.cpp">
      <Filter>Source Files</Filter>
    </ClCompile>
    <ClCompile Include="src\math\Mat4.cpp">
      <Filter>Source Files</Filter>
    </ClCompile>
    <ClCompile Include="src\graphics\Shader.cpp">
      <Filter>Source Files</Filter>
    </ClCompile>
    <ClCompile Include="src\graphics\buffers\Buffer.cpp">
      <Filter>Source Files</Filter>
    </ClCompile>
    <ClCompile Include="src\graphics\buffers\IndexBuffer.cpp">
      <Filter>Source Files</Filter>
    </ClCompile>
    <ClCompile Include="src\graphics\DMRenderer2D.cpp">
      <Filter>Source Files</Filter>
    </ClCompile>
    <ClCompile Include="src\graphics\Texture.cpp">
      <Filter>Source Files</Filter>
    </ClCompile>
    <ClCompile Include="src\graphics\Sprite.cpp">
      <Filter>Source Files</Filter>
    </ClCompile>
    <ClCompile Include="src\graphics\layers\Group.cpp">
      <Filter>Source Files</Filter>
    </ClCompile>
    <ClCompile Include="src\graphics\layers\Layer.cpp">
      <Filter>Source Files</Filter>
    </ClCompile>
    <ClCompile Include="src\graphics\buffers\VertexArray.cpp">
      <Filter>Source Files</Filter>
    </ClCompile>
    <ClCompile Include="src\entity\Entity.cpp">
      <Filter>Source Files</Filter>
    </ClCompile>
    <ClCompile Include="src\entity\component\Component.cpp">
      <Filter>Source Files</Filter>
    </ClCompile>
    <ClCompile Include="src\entity\component\SpriteComponent.cpp">
      <Filter>Source Files</Filter>
    </ClCompile>
    <ClCompile Include="src\entity\component\TransformComponent.cpp">
      <Filter>Source Files</Filter>
    </ClCompile>
    <ClCompile Include="src\graphics\camera\Camera.cpp">
      <Filter>Source Files</Filter>
    </ClCompile>
    <ClCompile Include="src\graphics\layers\Layer2D.cpp">
      <Filter>Source Files</Filter>
    </ClCompile>
    <ClCompile Include="src\game\scene\Scene.cpp">
      <Filter>Source Files</Filter>
    </ClCompile>
    <ClCompile Include="src\game\Game.cpp">
      <Filter>Source Files</Filter>
    </ClCompile>
    <ClCompile Include="src\entity\component\EntityBehaviour.cpp">
      <Filter>Source Files</Filter>
    </ClCompile>
    <ClCompile Include="src\game\Input.cpp">
      <Filter>Source Files</Filter>
    </ClCompile>
    <ClCompile Include="src\math\Rectangle.cpp">
      <Filter>Source Files</Filter>
    </ClCompile>
    <ClCompile Include="src\entity\component\physics\CollisionBox.cpp">
      <Filter>Source Files</Filter>
    </ClCompile>
    <ClCompile Include="src\entity\component\physics\Rigidbody2D.cpp">
      <Filter>Source Files</Filter>
    </ClCompile>
    <ClCompile Include="src\physics\PhysicsMaterial2D.cpp">
      <Filter>Source Files</Filter>
    </ClCompile>
    <ClCompile Include="src\utils\Time.cpp">
      <Filter>Source Files</Filter>
    </ClCompile>
  </ItemGroup>
  <ItemGroup>
    <ClInclude Include="src\graphics\Window.h" />
    <ClInclude Include="src\math\Vec2.h" />
    <ClInclude Include="src\math\Vec3.h" />
    <ClInclude Include="src\math\Vec4.h" />
    <ClInclude Include="src\math\Mat4.h" />
    <ClInclude Include="src\math\DMmath.h" />
    <ClInclude Include="src\utils\maths_func.h" />
    <ClInclude Include="src\graphics\Shader.h" />
    <ClInclude Include="src\utils\FileUtils.h" />
    <ClInclude Include="src\graphics\Renderable2D.h" />
    <ClInclude Include="src\graphics\Texture.h" />
    <ClInclude Include="src\graphics\Renderer2D.h" />
    <ClInclude Include="src\graphics\DMRenderer2D.h" />
    <ClInclude Include="src\graphics\buffers\Buffer.h" />
    <ClInclude Include="src\graphics\buffers\IndexBuffer.h" />
    <ClInclude Include="src\graphics\buffers\VertexArray.h" />
    <ClInclude Include="src\graphics\Sprite.h" />
    <ClInclude Include="src\graphics\layers\Group.h" />
    <ClInclude Include="src\graphics\layers\Layer.h" />
    <ClInclude Include="src\graphics\layers\Layer2D.h" />
    <ClInclude Include="DM8.h" />
    <ClInclude Include="src\entity\Entity.h" />
    <ClInclude Include="src\entity\component\Component.h" />
    <ClInclude Include="src\entity\component\SpriteComponent.h" />
    <ClInclude Include="src\entity\component\TransformComponent.h" />
    <ClInclude Include="src\entity\component\Components.h" />
    <ClInclude Include="src\graphics\camera\Camera.h" />
    <ClInclude Include="src\game\scene\Scene.h" />
    <ClInclude Include="src\game\Game.h" />
    <ClInclude Include="src\entity\component\EntityBehaviour.h" />
    <ClInclude Include="src\game\Input.h" />
    <ClInclude Include="src\math\Rectangle.h" />
    <ClInclude Include="src\entity\component\physics\CollisionBox.h" />
    <ClInclude Include="src\entity\component\physics\Rigidbody2D.h" />
    <ClInclude Include="src\physics\PhysicsMaterial2D.h" />
    <ClInclude Include="src\utils\Time.h" />
    <ClInclude Include="src\physics\ForceMode.h" />
  </ItemGroup>
  <ItemGroup>
    <None Include="shaders\shader.frag" />
    <None Include="shaders\shader.vert" />
  </ItemGroup>
  <ItemGroup>
    <Image Include="res\test1.jpg" />
    <Image Include="res\test2.jpg" />
  </ItemGroup>
  <ItemGroup>
    <Font Include="res\fonts\amiri-regular.ttf" />
  </ItemGroup>
</Project>